
Microsoft Visual Studio Solution File, Format Version 12.00
# Visual Studio 15
VisualStudioVersion = 15.0.27428.2005
MinimumVisualStudioVersion = 10.0.40219.1
Project("{FAE04EC0-301F-11D3-BF4B-00C04F79EFBC}") = "VendingMachine", "VendingMachine\VendingMachine.csproj", "{405486CB-6E84-4690-922E-FACFADD9931B}"
EndProject
Global
	GlobalSection(SolutionConfigurationPlatforms) = preSolution
		Debug|Any CPU = Debug|Any CPU
		Release|Any CPU = Release|Any CPU
	EndGlobalSection
	GlobalSection(ProjectConfigurationPlatforms) = postSolution
		{405486CB-6E84-4690-922E-FACFADD9931B}.Debug|Any CPU.ActiveCfg = Debug|Any CPU
		{405486CB-6E84-4690-922E-FACFADD9931B}.Debug|Any CPU.Build.0 = Debug|Any CPU
		{405486CB-6E84-4690-922E-FACFADD9931B}.Release|Any CPU.ActiveCfg = Release|Any CPU
		{405486CB-6E84-4690-922E-FACFADD9931B}.Release|Any CPU.Build.0 = Release|Any CPU
	EndGlobalSection
	GlobalSection(SolutionProperties) = preSolution
		HideSolutionNode = FALSE
	EndGlobalSection
	GlobalSection(ExtensibilityGlobals) = postSolution
		SolutionGuid = {67D8DC92-6B47-49C6-9CFE-E7012FF44F7F}
	EndGlobalSection
EndGlobal
